dependencies:
- name: spire-crds
  repository: https://spiffe.github.io/helm-charts-hardened
  version: 0.5.0
- name: spire
  repository: https://spiffe.github.io/helm-charts-hardened
  version: 0.25.0
- name: esi-pod-webhook
  repository: oci://us-central1-docker.pkg.dev/external-secrets-inc-registry/public/charts
  version: 0.4.2
- name: bitwarden-sdk-server
  repository: oci://ghcr.io/external-secrets/charts
  version: v0.4.2
digest: sha256:c7ab3866703fabdf0731a63016fb65411f3939aaf2cf17100a658ad2f507fc35
generated: "2025-06-13T14:45:38.078954605-03:00"
