dependencies:
- name: esi-pod-webhook
  repository: oci://us-central1-docker.pkg.dev/external-secrets-inc-registry/public/charts
  version: 0.1.0
- name: bitwarden-sdk-server
  repository: oci://ghcr.io/external-secrets/charts
  version: v0.3.1
digest: sha256:36cacd3d4ff14f1b8d3c1bc482b73ff2f0a1c73c60091046bd56b569d32a8f8c
generated: "2025-05-19T14:54:49.195509174-03:00"
